
Microsoft Visual Studio Solution File, Format Version 12.00
# Visual Studio Version 16
VisualStudioVersion = 16.0.31727.386
MinimumVisualStudioVersion = 10.0.40219.1
Project("{8BC9CEB8-8B4A-11D0-8D11-00A0C91BC942}") = "BST", "BST\BST.vcxproj", "{55A8D9E6-9342-427A-8E59-E36975C9CCEE}"
EndProject
Project("{8BC9CEB8-8B4A-11D0-8D11-00A0C91BC942}") = "AVL", "AVL\AVL.vcxproj", "{57AAB595-8752-45BA-B1FE-EDF93C28E396}"
EndProject
Global
	GlobalSection(SolutionConfigurationPlatforms) = preSolution
		Debug|x64 = Debug|x64
		Debug|x86 = Debug|x86
		Release|x64 = Release|x64
		Release|x86 = Release|x86
	EndGlobalSection
	GlobalSection(ProjectConfigurationPlatforms) = postSolution
		{55A8D9E6-9342-427A-8E59-E36975C9CCEE}.Debug|x64.ActiveCfg = Debug|x64
		{55A8D9E6-9342-427A-8E59-E36975C9CCEE}.Debug|x64.Build.0 = Debug|x64
		{55A8D9E6-9342-427A-8E59-E36975C9CCEE}.Debug|x86.ActiveCfg = Debug|Win32
		{55A8D9E6-9342-427A-8E59-E36975C9CCEE}.Debug|x86.Build.0 = Debug|Win32
		{55A8D9E6-9342-427A-8E59-E36975C9CCEE}.Release|x64.ActiveCfg = Release|x64
		{55A8D9E6-9342-427A-8E59-E36975C9CCEE}.Release|x64.Build.0 = Release|x64
		{55A8D9E6-9342-427A-8E59-E36975C9CCEE}.Release|x86.ActiveCfg = Release|Win32
		{55A8D9E6-9342-427A-8E59-E36975C9CCEE}.Release|x86.Build.0 = Release|Win32
		{57AAB595-8752-45BA-B1FE-EDF93C28E396}.Debug|x64.ActiveCfg = Debug|x64
		{57AAB595-8752-45BA-B1FE-EDF93C28E396}.Debug|x64.Build.0 = Debug|x64
		{57AAB595-8752-45BA-B1FE-EDF93C28E396}.Debug|x86.ActiveCfg = Debug|Win32
		{57AAB595-8752-45BA-B1FE-EDF93C28E396}.Debug|x86.Build.0 = Debug|Win32
		{57AAB595-8752-45BA-B1FE-EDF93C28E396}.Release|x64.ActiveCfg = Release|x64
		{57AAB595-8752-45BA-B1FE-EDF93C28E396}.Release|x64.Build.0 = Release|x64
		{57AAB595-8752-45BA-B1FE-EDF93C28E396}.Release|x86.ActiveCfg = Release|Win32
		{57AAB595-8752-45BA-B1FE-EDF93C28E396}.Release|x86.Build.0 = Release|Win32
	EndGlobalSection
	GlobalSection(SolutionProperties) = preSolution
		HideSolutionNode = FALSE
	EndGlobalSection
	GlobalSection(ExtensibilityGlobals) = postSolution
		SolutionGuid = {68454648-B4D2-4AA8-B50D-50243B9ED038}
	EndGlobalSection
EndGlobal
